
Microsoft Visual Studio Solution File, Format Version 12.00
# Visual Studio Version 16
VisualStudioVersion = 16.0.31605.320
MinimumVisualStudioVersion = 10.0.40219.1
Project("{FAE04EC0-301F-11D3-BF4B-00C04F79EFBC}") = "hello world", "hello world\hello world.csproj", "{81492999-BC4D-45DC-B805-9784F68FEF72}"
EndProject
Global
	GlobalSection(SolutionConfigurationPlatforms) = preSolution
		Debug|Any CPU = Debug|Any CPU
		Release|Any CPU = Release|Any CPU
	EndGlobalSection
	GlobalSection(ProjectConfigurationPlatforms) = postSolution
		{81492999-BC4D-45DC-B805-9784F68FEF72}.Debug|Any CPU.ActiveCfg = Debug|Any CPU
		{81492999-BC4D-45DC-B805-9784F68FEF72}.Debug|Any CPU.Build.0 = Debug|Any CPU
		{81492999-BC4D-45DC-B805-9784F68FEF72}.Release|Any CPU.ActiveCfg = Release|Any CPU
		{81492999-BC4D-45DC-B805-9784F68FEF72}.Release|Any CPU.Build.0 = Release|Any CPU
	EndGlobalSection
	GlobalSection(SolutionProperties) = preSolution
		HideSolutionNode = FALSE
	EndGlobalSection
	GlobalSection(ExtensibilityGlobals) = postSolution
		SolutionGuid = {13CF170B-9870-4C97-AE32-209AE46D7938}
	EndGlobalSection
EndGlobal
